
Microsoft Visual Studio Solution File, Format Version 12.00
# Visual Studio Version 16
VisualStudioVersion = 16.0.30804.86
MinimumVisualStudioVersion = 10.0.40219.1
Project("{8BC9CEB8-8B4A-11D0-8D11-00A0C91BC942}") = "Lagranzh", "Lagranzh\Lagranzh.vcxproj", "{1FD41338-FE15-4574-8AD3-9712F8D8236D}"
EndProject
Project("{8BC9CEB8-8B4A-11D0-8D11-00A0C91BC942}") = "Newton", "Newton\Newton.vcxproj", "{3E5CCF7F-DFC6-495A-AD0E-07CF25E7FC75}"
EndProject
Project("{8BC9CEB8-8B4A-11D0-8D11-00A0C91BC942}") = "Cubic spline", "Cubic spline\Cubic spline.vcxproj", "{07FBE1AC-6600-4FEA-A6E6-7DA8354A5DC8}"
EndProject
Project("{8BC9CEB8-8B4A-11D0-8D11-00A0C91BC942}") = "Least squares", "Least squares\Least squares.vcxproj", "{476A35DB-EC74-4665-8C81-72CA980558C4}"
EndProject
Project("{8BC9CEB8-8B4A-11D0-8D11-00A0C91BC942}") = "Hord", "Hord\Hord.vcxproj", "{D1B13299-AD39-4C4B-B5BA-C84FD4C95561}"
EndProject
Project("{8BC9CEB8-8B4A-11D0-8D11-00A0C91BC942}") = "Newton Nonlinear", "Newton Nonlinear\Newton Nonlinear.vcxproj", "{2C8A5C98-BB70-4F6A-9B90-2D139B6AEDA2}"
EndProject
Project("{8BC9CEB8-8B4A-11D0-8D11-00A0C91BC942}") = "Simple iterations", "Simple iterations\Simple iterations.vcxproj", "{FBC49ED8-1F5C-4BA2-B9E9-A8AB24B01D97}"
EndProject
Project("{8BC9CEB8-8B4A-11D0-8D11-00A0C91BC942}") = "Newton nonlinear system", "Newton nonlinear system\Newton nonlinear system.vcxproj", "{7452EC85-70A5-4D61-83DD-CF543864C030}"
EndProject
Project("{8BC9CEB8-8B4A-11D0-8D11-00A0C91BC942}") = "Simple iterations system", "Simple iterations system\Simple iterations system.vcxproj", "{765CF8E3-AA50-4746-9C77-6DA6034C5929}"
EndProject
Project("{8BC9CEB8-8B4A-11D0-8D11-00A0C91BC942}") = "SLAU progonka", "SLAU progonka\SLAU progonka.vcxproj", "{78EF9DD9-8FBF-4FF6-A3DB-D8DE01089841}"
EndProject
Project("{8BC9CEB8-8B4A-11D0-8D11-00A0C91BC942}") = "SLAU LU", "SLAU LU\SLAU LU.vcxproj", "{80ABD0FE-F77C-488D-A4CA-112388665FD8}"
EndProject
Project("{8BC9CEB8-8B4A-11D0-8D11-00A0C91BC942}") = "Gauss", "Gauss\Gauss.vcxproj", "{6ECAA907-D4A0-439C-B314-7AC6A91D9535}"
EndProject
Project("{8BC9CEB8-8B4A-11D0-8D11-00A0C91BC942}") = "SLAU Jacobi", "SLAU Jacobi\SLAU Jacobi.vcxproj", "{28CFE452-4686-47CB-B205-6CE13C839F9D}"
EndProject
Project("{8BC9CEB8-8B4A-11D0-8D11-00A0C91BC942}") = "SLAU Zeidel", "SLAU Zeidel\SLAU Zeidel.vcxproj", "{C9887FEB-B3A4-487F-B5F1-284B61AB74B5}"
EndProject
Project("{8BC9CEB8-8B4A-11D0-8D11-00A0C91BC942}") = "SLAU PVR", "SLAU PVR\SLAU PVR.vcxproj", "{41732336-76EA-4211-813E-2AC4B27F4E4E}"
EndProject
Project("{8BC9CEB8-8B4A-11D0-8D11-00A0C91BC942}") = "Method Vrazchenii", "Method Vrazchenii\Method Vrazchenii.vcxproj", "{853BADFD-E035-411C-B60F-A8DF06F7EB17}"
EndProject
Project("{8BC9CEB8-8B4A-11D0-8D11-00A0C91BC942}") = "QR matrix", "QR matrix\QR matrix.vcxproj", "{7781EDA5-C230-4396-AB57-B62EE960D6B5}"
EndProject
Project("{8BC9CEB8-8B4A-11D0-8D11-00A0C91BC942}") = "Integr Romberg", "Integr Romberg\Integr Romberg.vcxproj", "{7173F98B-0BCF-4877-BF3B-3332B33B184C}"
EndProject
Project("{8BC9CEB8-8B4A-11D0-8D11-00A0C91BC942}") = "DIff", "DIff\DIff.vcxproj", "{6550B968-584D-47E3-85C6-5DEBAA8203D3}"
EndProject
Project("{8BC9CEB8-8B4A-11D0-8D11-00A0C91BC942}") = "IntegGauss", "IntegGauss\IntegGauss.vcxproj", "{69373896-487B-44F0-A45A-801AEB71B17B}"
EndProject
Global
	GlobalSection(SolutionConfigurationPlatforms) = preSolution
		Debug|x64 = Debug|x64
		Debug|x86 = Debug|x86
		Release|x64 = Release|x64
		Release|x86 = Release|x86
	EndGlobalSection
	GlobalSection(ProjectConfigurationPlatforms) = postSolution
		{1FD41338-FE15-4574-8AD3-9712F8D8236D}.Debug|x64.ActiveCfg = Debug|x64
		{1FD41338-FE15-4574-8AD3-9712F8D8236D}.Debug|x64.Build.0 = Debug|x64
		{1FD41338-FE15-4574-8AD3-9712F8D8236D}.Debug|x86.ActiveCfg = Debug|Win32
		{1FD41338-FE15-4574-8AD3-9712F8D8236D}.Debug|x86.Build.0 = Debug|Win32
		{1FD41338-FE15-4574-8AD3-9712F8D8236D}.Release|x64.ActiveCfg = Release|x64
		{1FD41338-FE15-4574-8AD3-9712F8D8236D}.Release|x64.Build.0 = Release|x64
		{1FD41338-FE15-4574-8AD3-9712F8D8236D}.Release|x86.ActiveCfg = Release|Win32
		{1FD41338-FE15-4574-8AD3-9712F8D8236D}.Release|x86.Build.0 = Release|Win32
		{3E5CCF7F-DFC6-495A-AD0E-07CF25E7FC75}.Debug|x64.ActiveCfg = Debug|x64
		{3E5CCF7F-DFC6-495A-AD0E-07CF25E7FC75}.Debug|x64.Build.0 = Debug|x64
		{3E5CCF7F-DFC6-495A-AD0E-07CF25E7FC75}.Debug|x86.ActiveCfg = Debug|Win32
		{3E5CCF7F-DFC6-495A-AD0E-07CF25E7FC75}.Debug|x86.Build.0 = Debug|Win32
		{3E5CCF7F-DFC6-495A-AD0E-07CF25E7FC75}.Release|x64.ActiveCfg = Release|x64
		{3E5CCF7F-DFC6-495A-AD0E-07CF25E7FC75}.Release|x64.Build.0 = Release|x64
		{3E5CCF7F-DFC6-495A-AD0E-07CF25E7FC75}.Release|x86.ActiveCfg = Release|Win32
		{3E5CCF7F-DFC6-495A-AD0E-07CF25E7FC75}.Release|x86.Build.0 = Release|Win32
		{07FBE1AC-6600-4FEA-A6E6-7DA8354A5DC8}.Debug|x64.ActiveCfg = Debug|x64
		{07FBE1AC-6600-4FEA-A6E6-7DA8354A5DC8}.Debug|x64.Build.0 = Debug|x64
		{07FBE1AC-6600-4FEA-A6E6-7DA8354A5DC8}.Debug|x86.ActiveCfg = Debug|Win32
		{07FBE1AC-6600-4FEA-A6E6-7DA8354A5DC8}.Debug|x86.Build.0 = Debug|Win32
		{07FBE1AC-6600-4FEA-A6E6-7DA8354A5DC8}.Release|x64.ActiveCfg = Release|x64
		{07FBE1AC-6600-4FEA-A6E6-7DA8354A5DC8}.Release|x64.Build.0 = Release|x64
		{07FBE1AC-6600-4FEA-A6E6-7DA8354A5DC8}.Release|x86.ActiveCfg = Release|Win32
		{07FBE1AC-6600-4FEA-A6E6-7DA8354A5DC8}.Release|x86.Build.0 = Release|Win32
		{476A35DB-EC74-4665-8C81-72CA980558C4}.Debug|x64.ActiveCfg = Debug|x64
		{476A35DB-EC74-4665-8C81-72CA980558C4}.Debug|x64.Build.0 = Debug|x64
		{476A35DB-EC74-4665-8C81-72CA980558C4}.Debug|x86.ActiveCfg = Debug|Win32
		{476A35DB-EC74-4665-8C81-72CA980558C4}.Debug|x86.Build.0 = Debug|Win32
		{476A35DB-EC74-4665-8C81-72CA980558C4}.Release|x64.ActiveCfg = Release|x64
		{476A35DB-EC74-4665-8C81-72CA980558C4}.Release|x64.Build.0 = Release|x64
		{476A35DB-EC74-4665-8C81-72CA980558C4}.Release|x86.ActiveCfg = Release|Win32
		{476A35DB-EC74-4665-8C81-72CA980558C4}.Release|x86.Build.0 = Release|Win32
		{D1B13299-AD39-4C4B-B5BA-C84FD4C95561}.Debug|x64.ActiveCfg = Debug|x64
		{D1B13299-AD39-4C4B-B5BA-C84FD4C95561}.Debug|x64.Build.0 = Debug|x64
		{D1B13299-AD39-4C4B-B5BA-C84FD4C95561}.Debug|x86.ActiveCfg = Debug|Win32
		{D1B13299-AD39-4C4B-B5BA-C84FD4C95561}.Debug|x86.Build.0 = Debug|Win32
		{D1B13299-AD39-4C4B-B5BA-C84FD4C95561}.Release|x64.ActiveCfg = Release|x64
		{D1B13299-AD39-4C4B-B5BA-C84FD4C95561}.Release|x64.Build.0 = Release|x64
		{D1B13299-AD39-4C4B-B5BA-C84FD4C95561}.Release|x86.ActiveCfg = Release|Win32
		{D1B13299-AD39-4C4B-B5BA-C84FD4C95561}.Release|x86.Build.0 = Release|Win32
		{2C8A5C98-BB70-4F6A-9B90-2D139B6AEDA2}.Debug|x64.ActiveCfg = Debug|x64
		{2C8A5C98-BB70-4F6A-9B90-2D139B6AEDA2}.Debug|x64.Build.0 = Debug|x64
		{2C8A5C98-BB70-4F6A-9B90-2D139B6AEDA2}.Debug|x86.ActiveCfg = Debug|Win32
		{2C8A5C98-BB70-4F6A-9B90-2D139B6AEDA2}.Debug|x86.Build.0 = Debug|Win32
		{2C8A5C98-BB70-4F6A-9B90-2D139B6AEDA2}.Release|x64.ActiveCfg = Release|x64
		{2C8A5C98-BB70-4F6A-9B90-2D139B6AEDA2}.Release|x64.Build.0 = Release|x64
		{2C8A5C98-BB70-4F6A-9B90-2D139B6AEDA2}.Release|x86.ActiveCfg = Release|Win32
		{2C8A5C98-BB70-4F6A-9B90-2D139B6AEDA2}.Release|x86.Build.0 = Release|Win32
		{FBC49ED8-1F5C-4BA2-B9E9-A8AB24B01D97}.Debug|x64.ActiveCfg = Debug|x64
		{FBC49ED8-1F5C-4BA2-B9E9-A8AB24B01D97}.Debug|x64.Build.0 = Debug|x64
		{FBC49ED8-1F5C-4BA2-B9E9-A8AB24B01D97}.Debug|x86.ActiveCfg = Debug|Win32
		{FBC49ED8-1F5C-4BA2-B9E9-A8AB24B01D97}.Debug|x86.Build.0 = Debug|Win32
		{FBC49ED8-1F5C-4BA2-B9E9-A8AB24B01D97}.Release|x64.ActiveCfg = Release|x64
		{FBC49ED8-1F5C-4BA2-B9E9-A8AB24B01D97}.Release|x64.Build.0 = Release|x64
		{FBC49ED8-1F5C-4BA2-B9E9-A8AB24B01D97}.Release|x86.ActiveCfg = Release|Win32
		{FBC49ED8-1F5C-4BA2-B9E9-A8AB24B01D97}.Release|x86.Build.0 = Release|Win32
		{7452EC85-70A5-4D61-83DD-CF543864C030}.Debug|x64.ActiveCfg = Debug|x64
		{7452EC85-70A5-4D61-83DD-CF543864C030}.Debug|x64.Build.0 = Debug|x64
		{7452EC85-70A5-4D61-83DD-CF543864C030}.Debug|x86.ActiveCfg = Debug|Win32
		{7452EC85-70A5-4D61-83DD-CF543864C030}.Debug|x86.Build.0 = Debug|Win32
		{7452EC85-70A5-4D61-83DD-CF543864C030}.Release|x64.ActiveCfg = Release|x64
		{7452EC85-70A5-4D61-83DD-CF543864C030}.Release|x64.Build.0 = Release|x64
		{7452EC85-70A5-4D61-83DD-CF543864C030}.Release|x86.ActiveCfg = Release|Win32
		{7452EC85-70A5-4D61-83DD-CF543864C030}.Release|x86.Build.0 = Release|Win32
		{765CF8E3-AA50-4746-9C77-6DA6034C5929}.Debug|x64.ActiveCfg = Debug|x64
		{765CF8E3-AA50-4746-9C77-6DA6034C5929}.Debug|x64.Build.0 = Debug|x64
		{765CF8E3-AA50-4746-9C77-6DA6034C5929}.Debug|x86.ActiveCfg = Debug|Win32
		{765CF8E3-AA50-4746-9C77-6DA6034C5929}.Debug|x86.Build.0 = Debug|Win32
		{765CF8E3-AA50-4746-9C77-6DA6034C5929}.Release|x64.ActiveCfg = Release|x64
		{765CF8E3-AA50-4746-9C77-6DA6034C5929}.Release|x64.Build.0 = Release|x64
		{765CF8E3-AA50-4746-9C77-6DA6034C5929}.Release|x86.ActiveCfg = Release|Win32
		{765CF8E3-AA50-4746-9C77-6DA6034C5929}.Release|x86.Build.0 = Release|Win32
		{78EF9DD9-8FBF-4FF6-A3DB-D8DE01089841}.Debug|x64.ActiveCfg = Debug|x64
		{78EF9DD9-8FBF-4FF6-A3DB-D8DE01089841}.Debug|x64.Build.0 = Debug|x64
		{78EF9DD9-8FBF-4FF6-A3DB-D8DE01089841}.Debug|x86.ActiveCfg = Debug|Win32
		{78EF9DD9-8FBF-4FF6-A3DB-D8DE01089841}.Debug|x86.Build.0 = Debug|Win32
		{78EF9DD9-8FBF-4FF6-A3DB-D8DE01089841}.Release|x64.ActiveCfg = Release|x64
		{78EF9DD9-8FBF-4FF6-A3DB-D8DE01089841}.Release|x64.Build.0 = Release|x64
		{78EF9DD9-8FBF-4FF6-A3DB-D8DE01089841}.Release|x86.ActiveCfg = Release|Win32
		{78EF9DD9-8FBF-4FF6-A3DB-D8DE01089841}.Release|x86.Build.0 = Release|Win32
		{80ABD0FE-F77C-488D-A4CA-112388665FD8}.Debug|x64.ActiveCfg = Debug|x64
		{80ABD0FE-F77C-488D-A4CA-112388665FD8}.Debug|x64.Build.0 = Debug|x64
		{80ABD0FE-F77C-488D-A4CA-112388665FD8}.Debug|x86.ActiveCfg = Debug|Win32
		{80ABD0FE-F77C-488D-A4CA-112388665FD8}.Debug|x86.Build.0 = Debug|Win32
		{80ABD0FE-F77C-488D-A4CA-112388665FD8}.Release|x64.ActiveCfg = Release|x64
		{80ABD0FE-F77C-488D-A4CA-112388665FD8}.Release|x64.Build.0 = Release|x64
		{80ABD0FE-F77C-488D-A4CA-112388665FD8}.Release|x86.ActiveCfg = Release|Win32
		{80ABD0FE-F77C-488D-A4CA-112388665FD8}.Release|x86.Build.0 = Release|Win32
		{6ECAA907-D4A0-439C-B314-7AC6A91D9535}.Debug|x64.ActiveCfg = Debug|x64
		{6ECAA907-D4A0-439C-B314-7AC6A91D9535}.Debug|x64.Build.0 = Debug|x64
		{6ECAA907-D4A0-439C-B314-7AC6A91D9535}.Debug|x86.ActiveCfg = Debug|Win32
		{6ECAA907-D4A0-439C-B314-7AC6A91D9535}.Debug|x86.Build.0 = Debug|Win32
		{6ECAA907-D4A0-439C-B314-7AC6A91D9535}.Release|x64.ActiveCfg = Release|x64
		{6ECAA907-D4A0-439C-B314-7AC6A91D9535}.Release|x64.Build.0 = Release|x64
		{6ECAA907-D4A0-439C-B314-7AC6A91D9535}.Release|x86.ActiveCfg = Release|Win32
		{6ECAA907-D4A0-439C-B314-7AC6A91D9535}.Release|x86.Build.0 = Release|Win32
		{28CFE452-4686-47CB-B205-6CE13C839F9D}.Debug|x64.ActiveCfg = Debug|x64
		{28CFE452-4686-47CB-B205-6CE13C839F9D}.Debug|x64.Build.0 = Debug|x64
		{28CFE452-4686-47CB-B205-6CE13C839F9D}.Debug|x86.ActiveCfg = Debug|Win32
		{28CFE452-4686-47CB-B205-6CE13C839F9D}.Debug|x86.Build.0 = Debug|Win32
		{28CFE452-4686-47CB-B205-6CE13C839F9D}.Release|x64.ActiveCfg = Release|x64
		{28CFE452-4686-47CB-B205-6CE13C839F9D}.Release|x64.Build.0 = Release|x64
		{28CFE452-4686-47CB-B205-6CE13C839F9D}.Release|x86.ActiveCfg = Release|Win32
		{28CFE452-4686-47CB-B205-6CE13C839F9D}.Release|x86.Build.0 = Release|Win32
		{C9887FEB-B3A4-487F-B5F1-284B61AB74B5}.Debug|x64.ActiveCfg = Debug|x64
		{C9887FEB-B3A4-487F-B5F1-284B61AB74B5}.Debug|x64.Build.0 = Debug|x64
		{C9887FEB-B3A4-487F-B5F1-284B61AB74B5}.Debug|x86.ActiveCfg = Debug|Win32
		{C9887FEB-B3A4-487F-B5F1-284B61AB74B5}.Debug|x86.Build.0 = Debug|Win32
		{C9887FEB-B3A4-487F-B5F1-284B61AB74B5}.Release|x64.ActiveCfg = Release|x64
		{C9887FEB-B3A4-487F-B5F1-284B61AB74B5}.Release|x64.Build.0 = Release|x64
		{C9887FEB-B3A4-487F-B5F1-284B61AB74B5}.Release|x86.ActiveCfg = Release|Win32
		{C9887FEB-B3A4-487F-B5F1-284B61AB74B5}.Release|x86.Build.0 = Release|Win32
		{41732336-76EA-4211-813E-2AC4B27F4E4E}.Debug|x64.ActiveCfg = Debug|x64
		{41732336-76EA-4211-813E-2AC4B27F4E4E}.Debug|x64.Build.0 = Debug|x64
		{41732336-76EA-4211-813E-2AC4B27F4E4E}.Debug|x86.ActiveCfg = Debug|Win32
		{41732336-76EA-4211-813E-2AC4B27F4E4E}.Debug|x86.Build.0 = Debug|Win32
		{41732336-76EA-4211-813E-2AC4B27F4E4E}.Release|x64.ActiveCfg = Release|x64
		{41732336-76EA-4211-813E-2AC4B27F4E4E}.Release|x64.Build.0 = Release|x64
		{41732336-76EA-4211-813E-2AC4B27F4E4E}.Release|x86.ActiveCfg = Release|Win32
		{41732336-76EA-4211-813E-2AC4B27F4E4E}.Release|x86.Build.0 = Release|Win32
		{853BADFD-E035-411C-B60F-A8DF06F7EB17}.Debug|x64.ActiveCfg = Debug|x64
		{853BADFD-E035-411C-B60F-A8DF06F7EB17}.Debug|x64.Build.0 = Debug|x64
		{853BADFD-E035-411C-B60F-A8DF06F7EB17}.Debug|x86.ActiveCfg = Debug|Win32
		{853BADFD-E035-411C-B60F-A8DF06F7EB17}.Debug|x86.Build.0 = Debug|Win32
		{853BADFD-E035-411C-B60F-A8DF06F7EB17}.Release|x64.ActiveCfg = Release|x64
		{853BADFD-E035-411C-B60F-A8DF06F7EB17}.Release|x64.Build.0 = Release|x64
		{853BADFD-E035-411C-B60F-A8DF06F7EB17}.Release|x86.ActiveCfg = Release|Win32
		{853BADFD-E035-411C-B60F-A8DF06F7EB17}.Release|x86.Build.0 = Release|Win32
		{7781EDA5-C230-4396-AB57-B62EE960D6B5}.Debug|x64.ActiveCfg = Debug|x64
		{7781EDA5-C230-4396-AB57-B62EE960D6B5}.Debug|x64.Build.0 = Debug|x64
		{7781EDA5-C230-4396-AB57-B62EE960D6B5}.Debug|x86.ActiveCfg = Debug|Win32
		{7781EDA5-C230-4396-AB57-B62EE960D6B5}.Debug|x86.Build.0 = Debug|Win32
		{7781EDA5-C230-4396-AB57-B62EE960D6B5}.Release|x64.ActiveCfg = Release|x64
		{7781EDA5-C230-4396-AB57-B62EE960D6B5}.Release|x64.Build.0 = Release|x64
		{7781EDA5-C230-4396-AB57-B62EE960D6B5}.Release|x86.ActiveCfg = Release|Win32
		{7781EDA5-C230-4396-AB57-B62EE960D6B5}.Release|x86.Build.0 = Release|Win32
		{7173F98B-0BCF-4877-BF3B-3332B33B184C}.Debug|x64.ActiveCfg = Debug|x64
		{7173F98B-0BCF-4877-BF3B-3332B33B184C}.Debug|x64.Build.0 = Debug|x64
		{7173F98B-0BCF-4877-BF3B-3332B33B184C}.Debug|x86.ActiveCfg = Debug|Win32
		{7173F98B-0BCF-4877-BF3B-3332B33B184C}.Debug|x86.Build.0 = Debug|Win32
		{7173F98B-0BCF-4877-BF3B-3332B33B184C}.Release|x64.ActiveCfg = Release|x64
		{7173F98B-0BCF-4877-BF3B-3332B33B184C}.Release|x64.Build.0 = Release|x64
		{7173F98B-0BCF-4877-BF3B-3332B33B184C}.Release|x86.ActiveCfg = Release|Win32
		{7173F98B-0BCF-4877-BF3B-3332B33B184C}.Release|x86.Build.0 = Release|Win32
		{6550B968-584D-47E3-85C6-5DEBAA8203D3}.Debug|x64.ActiveCfg = Debug|x64
		{6550B968-584D-47E3-85C6-5DEBAA8203D3}.Debug|x64.Build.0 = Debug|x64
		{6550B968-584D-47E3-85C6-5DEBAA8203D3}.Debug|x86.ActiveCfg = Debug|Win32
		{6550B968-584D-47E3-85C6-5DEBAA8203D3}.Debug|x86.Build.0 = Debug|Win32
		{6550B968-584D-47E3-85C6-5DEBAA8203D3}.Release|x64.ActiveCfg = Release|x64
		{6550B968-584D-47E3-85C6-5DEBAA8203D3}.Release|x64.Build.0 = Release|x64
		{6550B968-584D-47E3-85C6-5DEBAA8203D3}.Release|x86.ActiveCfg = Release|Win32
		{6550B968-584D-47E3-85C6-5DEBAA8203D3}.Release|x86.Build.0 = Release|Win32
		{69373896-487B-44F0-A45A-801AEB71B17B}.Debug|x64.ActiveCfg = Debug|x64
		{69373896-487B-44F0-A45A-801AEB71B17B}.Debug|x64.Build.0 = Debug|x64
		{69373896-487B-44F0-A45A-801AEB71B17B}.Debug|x86.ActiveCfg = Debug|Win32
		{69373896-487B-44F0-A45A-801AEB71B17B}.Debug|x86.Build.0 = Debug|Win32
		{69373896-487B-44F0-A45A-801AEB71B17B}.Release|x64.ActiveCfg = Release|x64
		{69373896-487B-44F0-A45A-801AEB71B17B}.Release|x64.Build.0 = Release|x64
		{69373896-487B-44F0-A45A-801AEB71B17B}.Release|x86.ActiveCfg = Release|Win32
		{69373896-487B-44F0-A45A-801AEB71B17B}.Release|x86.Build.0 = Release|Win32
	EndGlobalSection
	GlobalSection(SolutionProperties) = preSolution
		HideSolutionNode = FALSE
	EndGlobalSection
	GlobalSection(ExtensibilityGlobals) = postSolution
		SolutionGuid = {F9AD7C80-4099-452A-81F1-21BEF4C65A56}
	EndGlobalSection
EndGlobal
